version = 1
revision = 3
requires-python = ">=3.13"

[[package]]
name = "colorama"
version = "0.4.6"
source = { registry = "https://pypi.org/simple" }
sdist = { url = "https://files.pythonhosted.org/packages/d8/53/6f443c9a4a8358a93a6792e2acffb9d9d5cb0a5cfd8802644b7b1c9a02e4/colorama-0.4.6.tar.gz", hash = "sha256:08695f5cb7ed6e0531a20572697297273c47b8cae5a63ffc6d6ed5c201be6e44", size = 27697, upload-time = "2022-10-25T02:36:22.414Z" }
wheels = [
    { url = "https://files.pythonhosted.org/packages/d1/d6/3965ed04c63042e047cb6a3e6ed1a63a35087b6a609aa3a15ed8ac56c221/colorama-0.4.6-py2.py3-none-any.whl", hash = "sha256:4f1d9991f5acc0ca119f9d443620b77f9d6b33703e51011c16baf57afb285fc6", size = 25335, upload-time = "2022-10-25T02:36:20.889Z" },
]

[[package]]
name = "ijson"
version = "3.4.0"
source = { registry = "https://pypi.org/simple" }
sdist = { url = "https://files.pythonhosted.org/packages/a3/4f/1cfeada63f5fce87536651268ddf5cca79b8b4bbb457aee4e45777964a0a/ijson-3.4.0.tar.gz", hash = "sha256:5f74dcbad9d592c428d3ca3957f7115a42689ee7ee941458860900236ae9bb13", size = 65782, upload-time = "2025-05-08T02:37:20.135Z" }
wheels = [
    { url = "https://files.pythonhosted.org/packages/77/b3/b1d2eb2745e5204ec7a25365a6deb7868576214feb5e109bce368fb692c9/ijson-3.4.0-cp313-cp313-macosx_10_13_universal2.whl", hash = "sha256:e8d96f88d75196a61c9d9443de2b72c2d4a7ba9456ff117b57ae3bba23a54256", size = 87216, upload-time = "2025-05-08T02:36:08.414Z" },
    { url = "https://files.pythonhosted.org/packages/b1/cd/cd6d340087617f8cc9bedbb21d974542fe2f160ed0126b8288d3499a469b/ijson-3.4.0-cp313-cp313-macosx_10_13_x86_64.whl", hash = "sha256:c45906ce2c1d3b62f15645476fc3a6ca279549127f01662a39ca5ed334a00cf9", size = 59170, upload-time = "2025-05-08T02:36:09.604Z" },
    { url = "https://files.pythonhosted.org/packages/3e/4d/32d3a9903b488d3306e3c8288f6ee4217d2eea82728261db03a1045eb5d1/ijson-3.4.0-cp313-cp313-macosx_11_0_arm64.whl", hash = "sha256:4ab4bc2119b35c4363ea49f29563612237cae9413d2fbe54b223be098b97bc9e", size = 59013, upload-time = "2025-05-08T02:36:10.696Z" },
    { url = "https://files.pythonhosted.org/packages/d5/c8/db15465ab4b0b477cee5964c8bfc94bf8c45af8e27a23e1ad78d1926e587/ijson-3.4.0-cp313-cp313-manylinux_2_17_aarch64.manylinux2014_aarch64.whl", hash = "sha256:97b0a9b5a15e61dfb1f14921ea4e0dba39f3a650df6d8f444ddbc2b19b479ff1", size = 146564, upload-time = "2025-05-08T02:36:11.916Z" },
    { url = "https://files.pythonhosted.org/packages/c4/d8/0755545bc122473a9a434ab90e0f378780e603d75495b1ca3872de757873/ijson-3.4.0-cp313-cp313-manylinux_2_17_i686.manylinux2014_i686.whl", hash = "sha256:e3047bb994dabedf11de11076ed1147a307924b6e5e2df6784fb2599c4ad8c60", size = 137917, upload-time = "2025-05-08T02:36:13.532Z" },
    { url = "https://files.pythonhosted.org/packages/d0/c6/aeb89c8939ebe3f534af26c8c88000c5e870dbb6ae33644c21a4531f87d2/ijson-3.4.0-cp313-cp313-manylinux_2_17_x86_64.manylinux2014_x86_64.whl", hash = "sha256:68c83161b052e9f5dc8191acbc862bb1e63f8a35344cb5cd0db1afd3afd487a6", size = 148897, upload-time = "2025-05-08T02:36:14.813Z" },
    { url = "https://files.pythonhosted.org/packages/be/0e/7ef6e9b372106f2682a4a32b3c65bf86bb471a1670e4dac242faee4a7d3f/ijson-3.4.0-cp313-cp313-musllinux_1_2_aarch64.whl", hash = "sha256:1eebd9b6c20eb1dffde0ae1f0fbb4aeacec2eb7b89adb5c7c0449fc9fd742760", size = 149711, upload-time = "2025-05-08T02:36:16.476Z" },
    { url = "https://files.pythonhosted.org/packages/d1/5d/9841c3ed75bcdabf19b3202de5f862a9c9c86ce5c7c9d95fa32347fdbf5f/ijson-3.4.0-cp313-cp313-musllinux_1_2_i686.whl", hash = "sha256:13fb6d5c35192c541421f3ee81239d91fc15a8d8f26c869250f941f4b346a86c", size = 141691, upload-time = "2025-05-08T02:36:18.044Z" },
    { url = "https://files.pythonhosted.org/packages/d5/d2/ce74e17218dba292e9be10a44ed0c75439f7958cdd263adb0b5b92d012d5/ijson-3.4.0-cp313-cp313-musllinux_1_2_x86_64.whl", hash = "sha256:28b7196ff7b37c4897c547a28fa4876919696739fc91c1f347651c9736877c69", size = 150738, upload-time = "2025-05-08T02:36:19.483Z" },
    { url = "https://files.pythonhosted.org/packages/4e/43/dcc480f94453b1075c9911d4755b823f3ace275761bb37b40139f22109ca/ijson-3.4.0-cp313-cp313-win32.whl", hash = "sha256:3c2691d2da42629522140f77b99587d6f5010440d58d36616f33bc7bdc830cc3", size = 51512, upload-time = "2025-05-08T02:36:20.99Z" },
    { url = "https://files.pythonhosted.org/packages/35/dd/d8c5f15efd85ba51e6e11451ebe23d779361a9ec0d192064c2a8c3cdfcb8/ijson-3.4.0-cp313-cp313-win_amd64.whl", hash = "sha256:c4554718c275a044c47eb3874f78f2c939f300215d9031e785a6711cc51b83fc", size = 54074, upload-time = "2025-05-08T02:36:22.075Z" },
    { url = "https://files.pythonhosted.org/packages/79/73/24ad8cd106203419c4d22bed627e02e281d66b83e91bc206a371893d0486/ijson-3.4.0-cp313-cp313t-macosx_10_13_universal2.whl", hash = "sha256:915a65e3f3c0eee2ea937bc62aaedb6c14cc1e8f0bb9f3f4fb5a9e2bbfa4b480", size = 91694, upload-time = "2025-05-08T02:36:23.289Z" },
    { url = "https://files.pythonhosted.org/packages/17/2d/f7f680984bcb7324a46a4c2df3bd73cf70faef0acfeb85a3f811abdfd590/ijson-3.4.0-cp313-cp313t-macosx_10_13_x86_64.whl", hash = "sha256:afbe9748707684b6c5adc295c4fdcf27765b300aec4d484e14a13dca4e5c0afa", size = 61390, upload-time = "2025-05-08T02:36:24.42Z" },
    { url = "https://files.pythonhosted.org/packages/09/a1/f3ca7bab86f95bdb82494739e71d271410dfefce4590785d511669127145/ijson-3.4.0-cp313-cp313t-macosx_11_0_arm64.whl", hash = "sha256:d823f8f321b4d8d5fa020d0a84f089fec5d52b7c0762430476d9f8bf95bbc1a9", size = 61140, upload-time = "2025-05-08T02:36:26.708Z" },
    { url = "https://files.pythonhosted.org/packages/51/79/dd340df3d4fc7771c95df29997956b92ed0570fe7b616d1792fea9ad93f2/ijson-3.4.0-cp313-cp313t-manylinux_2_17_aarch64.manylinux2014_aarch64.whl", hash = "sha256:b8a0a2c54f3becf76881188beefd98b484b1d3bd005769a740d5b433b089fa23", size = 214739, upload-time = "2025-05-08T02:36:27.973Z" },
    { url = "https://files.pythonhosted.org/packages/59/f0/85380b7f51d1f5fb7065d76a7b623e02feca920cc678d329b2eccc0011e0/ijson-3.4.0-cp313-cp313t-manylinux_2_17_i686.manylinux2014_i686.whl", hash = "sha256:ced19a83ab09afa16257a0b15bc1aa888dbc555cb754be09d375c7f8d41051f2", size = 198338, upload-time = "2025-05-08T02:36:29.496Z" },
    { url = "https://files.pythonhosted.org/packages/a5/cd/313264cf2ec42e0f01d198c49deb7b6fadeb793b3685e20e738eb6b3fa13/ijson-3.4.0-cp313-cp313t-manylinux_2_17_x86_64.manylinux2014_x86_64.whl", hash = "sha256:8100f9885eff1f38d35cef80ef759a1bbf5fc946349afa681bd7d0e681b7f1a0", size = 207515, upload-time = "2025-05-08T02:36:30.981Z" },
    { url = "https://files.pythonhosted.org/packages/12/94/bf14457aa87ea32641f2db577c9188ef4e4ae373478afef422b31fc7f309/ijson-3.4.0-cp313-cp313t-musllinux_1_2_aarch64.whl", hash = "sha256:d7bcc3f7f21b0f703031ecd15209b1284ea51b2a329d66074b5261de3916c1eb", size = 210081, upload-time = "2025-05-08T02:36:32.403Z" },
    { url = "https://files.pythonhosted.org/packages/7d/b4/eaee39e290e40e52d665db9bd1492cfdce86bd1e47948e0440db209c6023/ijson-3.4.0-cp313-cp313t-musllinux_1_2_i686.whl", hash = "sha256:2dcb190227b09dd171bdcbfe4720fddd574933c66314818dfb3960c8a6246a77", size = 199253, upload-time = "2025-05-08T02:36:33.861Z" },
    { url = "https://files.pythonhosted.org/packages/c5/9c/e09c7b9ac720a703ab115b221b819f149ed54c974edfff623c1e925e57da/ijson-3.4.0-cp313-cp313t-musllinux_1_2_x86_64.whl", hash = "sha256:eda4cfb1d49c6073a901735aaa62e39cb7ab47f3ad7bb184862562f776f1fa8a", size = 203816, upload-time = "2025-05-08T02:36:35.348Z" },
    { url = "https://files.pythonhosted.org/packages/7c/14/acd304f412e32d16a2c12182b9d78206bb0ae35354d35664f45db05c1b3b/ijson-3.4.0-cp313-cp313t-win32.whl", hash = "sha256:0772638efa1f3b72b51736833404f1cbd2f5beeb9c1a3d392e7d385b9160cba7", size = 53760, upload-time = "2025-05-08T02:36:36.608Z" },
    { url = "https://files.pythonhosted.org/packages/2f/24/93dd0a467191590a5ed1fc2b35842bca9d09900d001e00b0b497c0208ef6/ijson-3.4.0-cp313-cp313t-win_amd64.whl", hash = "sha256:3d8a0d67f36e4fb97c61a724456ef0791504b16ce6f74917a31c2e92309bbeb9", size = 56948, upload-time = "2025-05-08T02:36:37.849Z" },
]

[[package]]
name = "llm-workflows"
version = "0.1.0"
source = { virtual = "." }
dependencies = [
    { name = "ijson" },
    { name = "tqdm" },
]

[package.metadata]
requires-dist = [
    { name = "ijson", specifier = ">=3.4.0" },
    { name = "tqdm", specifier = ">=4.67.1" },
]

[[package]]
name = "tqdm"
version = "4.67.1"
source = { registry = "https://pypi.org/simple" }
dependencies = [
    { name = "colorama", marker = "sys_platform == 'win32'" },
]
sdist = { url = "https://files.pythonhosted.org/packages/a8/4b/29b4ef32e036bb34e4ab51796dd745cdba7ed47ad142a9f4a1eb8e0c744d/tqdm-4.67.1.tar.gz", hash = "sha256:f8aef9c52c08c13a65f30ea34f4e5aac3fd1a34959879d7e59e63027286627f2", size = 169737, upload-time = "2024-11-24T20:12:22.481Z" }
wheels = [
    { url = "https://files.pythonhosted.org/packages/d0/30/dc54f88dd4a2b5dc8a0279bdd7270e735851848b762aeb1c1184ed1f6b14/tqdm-4.67.1-py3-none-any.whl", hash = "sha256:26445eca388f82e72884e0d580d5464cd801a3ea01e63e5601bdff9ba6a48de2", size = 78540, upload-time = "2024-11-24T20:12:19.698Z" },
]
